
Microsoft Visual Studio Solution File, Format Version 12.00
# Visual Studio 15
VisualStudioVersion = 15.0.25807.0
MinimumVisualStudioVersion = 10.0.40219.1
Project("{2150E333-8FDC-42A3-9474-1A3956D46DE8}") = "Engine", "Engine", "{68C046A7-2E5C-4722-9AB4-B86FABAE9A49}"
EndProject
Project("{2150E333-8FDC-42A3-9474-1A3956D46DE8}") = "Games", "Games", "{E3974363-51D1-43AE-96B2-853DDDBEB730}"
EndProject
Project("{8BC9CEB8-8B4A-11D0-8D11-00A0C91BC942}") = "UE4", "Intermediate\ProjectFiles\UE4.vcxproj", "{DEB5FA8B-0F8B-4644-B8EF-88167B867B4D}"
EndProject
Project("{8BC9CEB8-8B4A-11D0-8D11-00A0C91BC942}") = "MelbGGJ2019", "Intermediate\ProjectFiles\MelbGGJ2019.vcxproj", "{F2397C11-98D7-470C-BED3-62EE27819FE5}"
EndProject
Global
	GlobalSection(SolutionConfigurationPlatforms) = preSolution
		DebugGame Editor|HTML5 = DebugGame Editor|HTML5
		DebugGame Editor|Win32 = DebugGame Editor|Win32
		DebugGame Editor|Win64 = DebugGame Editor|Win64
		DebugGame|HTML5 = DebugGame|HTML5
		DebugGame|Win32 = DebugGame|Win32
		DebugGame|Win64 = DebugGame|Win64
		Development Editor|HTML5 = Development Editor|HTML5
		Development Editor|Win32 = Development Editor|Win32
		Development Editor|Win64 = Development Editor|Win64
		Development|HTML5 = Development|HTML5
		Development|Win32 = Development|Win32
		Development|Win64 = Development|Win64
		Shipping|HTML5 = Shipping|HTML5
		Shipping|Win32 = Shipping|Win32
		Shipping|Win64 = Shipping|Win64
	EndGlobalSection
	GlobalSection(ProjectConfigurationPlatforms) = postSolution
		{F2397C11-98D7-470C-BED3-62EE27819FE5}.DebugGame Editor|HTML5.ActiveCfg = HTML5_DebugGame_Editor|Win32
		{F2397C11-98D7-470C-BED3-62EE27819FE5}.DebugGame Editor|Win32.ActiveCfg = DebugGame_Editor|Win32
		{F2397C11-98D7-470C-BED3-62EE27819FE5}.DebugGame Editor|Win64.ActiveCfg = DebugGame_Editor|x64
		{F2397C11-98D7-470C-BED3-62EE27819FE5}.DebugGame Editor|Win64.Build.0 = DebugGame_Editor|x64
		{F2397C11-98D7-470C-BED3-62EE27819FE5}.DebugGame|HTML5.ActiveCfg = HTML5_DebugGame_Game|Win32
		{F2397C11-98D7-470C-BED3-62EE27819FE5}.DebugGame|HTML5.Build.0 = HTML5_DebugGame_Game|Win32
		{F2397C11-98D7-470C-BED3-62EE27819FE5}.DebugGame|Win32.ActiveCfg = DebugGame_Game|Win32
		{F2397C11-98D7-470C-BED3-62EE27819FE5}.DebugGame|Win32.Build.0 = DebugGame_Game|Win32
		{F2397C11-98D7-470C-BED3-62EE27819FE5}.DebugGame|Win64.ActiveCfg = DebugGame_Game|x64
		{F2397C11-98D7-470C-BED3-62EE27819FE5}.DebugGame|Win64.Build.0 = DebugGame_Game|x64
		{F2397C11-98D7-470C-BED3-62EE27819FE5}.Development Editor|HTML5.ActiveCfg = HTML5_Development_Editor|Win32
		{F2397C11-98D7-470C-BED3-62EE27819FE5}.Development Editor|Win32.ActiveCfg = Development_Editor|Win32
		{F2397C11-98D7-470C-BED3-62EE27819FE5}.Development Editor|Win64.ActiveCfg = Development_Editor|x64
		{F2397C11-98D7-470C-BED3-62EE27819FE5}.Development Editor|Win64.Build.0 = Development_Editor|x64
		{F2397C11-98D7-470C-BED3-62EE27819FE5}.Development|HTML5.ActiveCfg = HTML5_Development_Game|Win32
		{F2397C11-98D7-470C-BED3-62EE27819FE5}.Development|HTML5.Build.0 = HTML5_Development_Game|Win32
		{F2397C11-98D7-470C-BED3-62EE27819FE5}.Development|Win32.ActiveCfg = Development_Game|Win32
		{F2397C11-98D7-470C-BED3-62EE27819FE5}.Development|Win32.Build.0 = Development_Game|Win32
		{F2397C11-98D7-470C-BED3-62EE27819FE5}.Development|Win64.ActiveCfg = Development_Game|x64
		{F2397C11-98D7-470C-BED3-62EE27819FE5}.Development|Win64.Build.0 = Development_Game|x64
		{F2397C11-98D7-470C-BED3-62EE27819FE5}.Shipping|HTML5.ActiveCfg = HTML5_Shipping_Game|Win32
		{F2397C11-98D7-470C-BED3-62EE27819FE5}.Shipping|HTML5.Build.0 = HTML5_Shipping_Game|Win32
		{F2397C11-98D7-470C-BED3-62EE27819FE5}.Shipping|Win32.ActiveCfg = Shipping_Game|Win32
		{F2397C11-98D7-470C-BED3-62EE27819FE5}.Shipping|Win32.Build.0 = Shipping_Game|Win32
		{F2397C11-98D7-470C-BED3-62EE27819FE5}.Shipping|Win64.ActiveCfg = Shipping_Game|x64
		{F2397C11-98D7-470C-BED3-62EE27819FE5}.Shipping|Win64.Build.0 = Shipping_Game|x64
	EndGlobalSection
	GlobalSection(SolutionProperties) = preSolution
		HideSolutionNode = FALSE
	EndGlobalSection
	GlobalSection(NestedProjects) = preSolution
		{DEB5FA8B-0F8B-4644-B8EF-88167B867B4D} = {68C046A7-2E5C-4722-9AB4-B86FABAE9A49}
		{F2397C11-98D7-470C-BED3-62EE27819FE5} = {E3974363-51D1-43AE-96B2-853DDDBEB730}
	EndGlobalSection
EndGlobal
